
Microsoft Visual Studio Solution File, Format Version 12.00
# Visual Studio 15
VisualStudioVersion = 15.0.27130.2003
MinimumVisualStudioVersion = 10.0.40219.1
Project("{FAE04EC0-301F-11D3-BF4B-00C04F79EFBC}") = "ViewModelToModelConverterApp", "ViewModelToModelConverterApp\ViewModelToModelConverterApp.csproj", "{D02A6644-C44D-4C76-ACBD-D977323DBCF8}"
EndProject
Project("{FAE04EC0-301F-11D3-BF4B-00C04F79EFBC}") = "TestProject", "TestProject\TestProject.csproj", "{C683EDA5-6C82-4C84-A237-C7EF17E4AB5B}"
EndProject
Global
	GlobalSection(SolutionConfigurationPlatforms) = preSolution
		Debug|Any CPU = Debug|Any CPU
		Release|Any CPU = Release|Any CPU
	EndGlobalSection
	GlobalSection(ProjectConfigurationPlatforms) = postSolution
		{D02A6644-C44D-4C76-ACBD-D977323DBCF8}.Debug|Any CPU.ActiveCfg = Debug|Any CPU
		{D02A6644-C44D-4C76-ACBD-D977323DBCF8}.Debug|Any CPU.Build.0 = Debug|Any CPU
		{D02A6644-C44D-4C76-ACBD-D977323DBCF8}.Release|Any CPU.ActiveCfg = Release|Any CPU
		{D02A6644-C44D-4C76-ACBD-D977323DBCF8}.Release|Any CPU.Build.0 = Release|Any CPU
		{C683EDA5-6C82-4C84-A237-C7EF17E4AB5B}.Debug|Any CPU.ActiveCfg = Debug|Any CPU
		{C683EDA5-6C82-4C84-A237-C7EF17E4AB5B}.Debug|Any CPU.Build.0 = Debug|Any CPU
		{C683EDA5-6C82-4C84-A237-C7EF17E4AB5B}.Release|Any CPU.ActiveCfg = Release|Any CPU
		{C683EDA5-6C82-4C84-A237-C7EF17E4AB5B}.Release|Any CPU.Build.0 = Release|Any CPU
	EndGlobalSection
	GlobalSection(SolutionProperties) = preSolution
		HideSolutionNode = FALSE
	EndGlobalSection
	GlobalSection(ExtensibilityGlobals) = postSolution
		SolutionGuid = {625CCC93-7AB7-42DE-88B9-FE9B9CEB19CF}
	EndGlobalSection
EndGlobal
